// !$*UTF8*$!
{
	archiveVersion = 1;
	classes = {
	};
	objectVersion = 77;
	objects = {

/* Begin PBXBuildFile section */
		115405D12F3143230010B297 /* StoreKit.framework in Frameworks */ = {isa = PBXBuildFile; fileRef = 115405D02F3143230010B297 /* StoreKit.framework */; };
		11F8D6A02F40B8C000A5E1B2 /* Services/AuthenticationService.swift in Sources */ = {isa = PBXBuildFile; fileRef = 11F8D69F2F40B8C000A5E1B2 /* Services/AuthenticationService.swift */; };
		11F8D6A22F40B8C100A5E1B2 /* Services/AuthSessionStorage.swift in Sources */ = {isa = PBXBuildFile; fileRef = 11F8D6A12F40B8C100A5E1B2 /* Services/AuthSessionStorage.swift */; };
		11F8D6A42F40B8C200A5E1B2 /* Views/AuthenticationView.swift in Sources */ = {isa = PBXBuildFile; fileRef = 11F8D6A32F40B8C200A5E1B2 /* Views/AuthenticationView.swift */; };
/* End PBXBuildFile section */

/* Begin PBXContainerItemProxy section */
		11EBC24F2F2388AB00B62102 /* PBXContainerItemProxy */ = {
			isa = PBXContainerItemProxy;
			containerPortal = 11EBC2352F2388AA00B62102 /* Project object */;
			proxyType = 1;
			remoteGlobalIDString = 11EBC23C2F2388AA00B62102;
			remoteInfo = "Neatlify Desktop";
		};
/* End PBXContainerItemProxy section */

/* Begin PBXFileReference section */
		115405D02F3143230010B297 /* StoreKit.framework */ = {isa = PBXFileReference; lastKnownFileType = wrapper.framework; name = StoreKit.framework; path = System/Library/Frameworks/StoreKit.framework; sourceTree = SDKROOT; };
		11EBC23D2F2388AA00B62102 /* Neatlify Desktop.app */ = {isa = PBXFileReference; explicitFileType = wrapper.application; includeInIndex = 0; path = "Neatlify Desktop.app"; sourceTree = BUILT_PRODUCTS_DIR; };
		11EBC24E2F2388AB00B62102 /* Neatlify DesktopTests.xctest */ = {isa = PBXFileReference; explicitFileType = wrapper.cfbundle; includeInIndex = 0; path = "Neatlify DesktopTests.xctest"; sourceTree = BUILT_PRODUCTS_DIR; };
		11EBC29C2F238D8C00B62102 /* Info.plist */ = {isa = PBXFileReference; lastKnownFileType = text.plist.xml; path = Info.plist; sourceTree = "<group>"; };
		11F8D69F2F40B8C000A5E1B2 /* Services/AuthenticationService.swift */ = {isa = PBXFileReference; lastKnownFileType = sourcecode.swift; path = Services/AuthenticationService.swift; sourceTree = "<group>"; };
		11F8D6A12F40B8C100A5E1B2 /* Services/AuthSessionStorage.swift */ = {isa = PBXFileReference; lastKnownFileType = sourcecode.swift; path = Services/AuthSessionStorage.swift; sourceTree = "<group>"; };
		11F8D6A32F40B8C200A5E1B2 /* Views/AuthenticationView.swift */ = {isa = PBXFileReference; lastKnownFileType = sourcecode.swift; path = Views/AuthenticationView.swift; sourceTree = "<group>"; };
/* End PBXFileReference section */

/* Begin PBXFileSystemSynchronizedBuildFileExceptionSet section */
		11EBC2B82F2399FE00B62102 /* Exceptions for "Models" folder in "Neatlify Desktop" target */ = {
			isa = PBXFileSystemSynchronizedBuildFileExceptionSet;
			membershipExceptions = (
				ChatMessage.swift,
				FileItem.swift,
				OrganizationPlan.swift,
				UserSession.swift,
			);
			target = 11EBC23C2F2388AA00B62102 /* Neatlify Desktop */;
		};
		11EBC2C32F239A0600B62102 /* Exceptions for "Services" folder in "Neatlify Desktop" target */ = {
			isa = PBXFileSystemSynchronizedBuildFileExceptionSet;
			membershipExceptions = (
				ClaudeAPIService.swift,
				DistributionDetector.swift,
				FileService.swift,
				PaymentService.swift,
				PermissionsService.swift,
				StoreKitManager.swift,
				StripeService.swift,
				SupabaseService.swift,
			);
			target = 11EBC23C2F2388AA00B62102 /* Neatlify Desktop */;
		};
		11EBC2EE2F239A1300B62102 /* Exceptions for "Views" folder in "Neatlify Desktop" target */ = {
			isa = PBXFileSystemSynchronizedBuildFileExceptionSet;
			membershipExceptions = (
				ChatView.swift,
				ContentView.swift,
				OnboardingView.swift,
				PaywallView.swift,
				ProgressView.swift,
				SettingsView.swift,
			);
			target = 11EBC23C2F2388AA00B62102 /* Neatlify Desktop */;
		};
		11EBC2FC2F239A1900B62102 /* Exceptions for "Utilities" folder in "Neatlify Desktop" target */ = {
			isa = PBXFileSystemSynchronizedBuildFileExceptionSet;
			membershipExceptions = (
				APIKeyManager.swift,
				ImageProcessor.swift,
				Logger.swift,
				PDFProcessor.swift,
			);
			target = 11EBC23C2F2388AA00B62102 /* Neatlify Desktop */;
		};
		11EBC3052F239A1D00B62102 /* Exceptions for "ViewModels" folder in "Neatlify Desktop" target */ = {
			isa = PBXFileSystemSynchronizedBuildFileExceptionSet;
			membershipExceptions = (
				ChatViewModel.swift,
				OrganizationViewModel.swift,
			);
			target = 11EBC23C2F2388AA00B62102 /* Neatlify Desktop */;
		};
/* End PBXFileSystemSynchronizedBuildFileExceptionSet section */

/* Begin PBXFileSystemSynchronizedRootGroup section */
		11EBC23F2F2388AA00B62102 /* Neatlify Desktop */ = {
			isa = PBXFileSystemSynchronizedRootGroup;
			path = "Neatlify Desktop";
			sourceTree = "<group>";
		};
		11EBC2512F2388AB00B62102 /* Neatlify DesktopTests */ = {
			isa = PBXFileSystemSynchronizedRootGroup;
			path = "Neatlify DesktopTests";
			sourceTree = "<group>";
		};
		11EBC25B2F2388AB00B62102 /* Neatlify DesktopUITests */ = {
			isa = PBXFileSystemSynchronizedRootGroup;
			path = "Neatlify DesktopUITests";
			sourceTree = "<group>";
		};
		11EBC2B32F2399FE00B62102 /* Models */ = {
			isa = PBXFileSystemSynchronizedRootGroup;
			exceptions = (
				11EBC2B82F2399FE00B62102 /* Exceptions for "Models" folder in "Neatlify Desktop" target */,
			);
			path = Models;
			sourceTree = "<group>";
		};
		11EBC2BE2F239A0600B62102 /* Services */ = {
			isa = PBXFileSystemSynchronizedRootGroup;
			exceptions = (
				11EBC2C32F239A0600B62102 /* Exceptions for "Services" folder in "Neatlify Desktop" target */,
			);
			path = Services;
			sourceTree = "<group>";
		};
		11EBC2E12F239A1300B62102 /* Views */ = {
			isa = PBXFileSystemSynchronizedRootGroup;
			exceptions = (
				11EBC2EE2F239A1300B62102 /* Exceptions for "Views" folder in "Neatlify Desktop" target */,
			);
			path = Views;
			sourceTree = "<group>";
		};
		11EBC2F32F239A1900B62102 /* Utilities */ = {
			isa = PBXFileSystemSynchronizedRootGroup;
			exceptions = (
				11EBC2FC2F239A1900B62102 /* Exceptions for "Utilities" folder in "Neatlify Desktop" target */,
			);
			path = Utilities;
			sourceTree = "<group>";
		};
		11EBC3002F239A1D00B62102 /* ViewModels */ = {
			isa = PBXFileSystemSynchronizedRootGroup;
			exceptions = (
				11EBC3052F239A1D00B62102 /* Exceptions for "ViewModels" folder in "Neatlify Desktop" target */,
			);
			path = ViewModels;
			sourceTree = "<group>";
		};
/* End PBXFileSystemSynchronizedRootGroup section */

/* Begin PBXFrameworksBuildPhase section */
		11EBC23A2F2388AA00B62102 /* Frameworks */ = {
			isa = PBXFrameworksBuildPhase;
			buildActionMask = 2147483647;
			files = (
				115405D12F3143230010B297 /* StoreKit.framework in Frameworks */,
			);
			runOnlyForDeploymentPostprocessing = 0;
		};
		11EBC24B2F2388AB00B62102 /* Frameworks */ = {
			isa = PBXFrameworksBuildPhase;
			buildActionMask = 2147483647;
			files = (
			);
			runOnlyForDeploymentPostprocessing = 0;
		};
/* End PBXFrameworksBuildPhase section */

/* Begin PBXGroup section */
		115405CF2F3143230010B297 /* Frameworks */ = {
			isa = PBXGroup;
			children = (
				115405D02F3143230010B297 /* StoreKit.framework */,
			);
			name = Frameworks;
			sourceTree = "<group>";
		};
		116BADF22F3412AE002A3C18 /* Recovered References */ = {
			isa = PBXGroup;
			children = (
				11F8D69F2F40B8C000A5E1B2 /* Services/AuthenticationService.swift */,
				11F8D6A12F40B8C100A5E1B2 /* Services/AuthSessionStorage.swift */,
				11F8D6A32F40B8C200A5E1B2 /* Views/AuthenticationView.swift */,
			);
			name = "Recovered References";
			sourceTree = "<group>";
		};
		11EBC2342F2388AA00B62102 = {
			isa = PBXGroup;
			children = (
				11EBC29C2F238D8C00B62102 /* Info.plist */,
				11EBC3002F239A1D00B62102 /* ViewModels */,
				11EBC2F32F239A1900B62102 /* Utilities */,
				11EBC2E12F239A1300B62102 /* Views */,
				11EBC2B32F2399FE00B62102 /* Models */,
				11EBC2BE2F239A0600B62102 /* Services */,
				11EBC23F2F2388AA00B62102 /* Neatlify Desktop */,
				11EBC2512F2388AB00B62102 /* Neatlify DesktopTests */,
				11EBC25B2F2388AB00B62102 /* Neatlify DesktopUITests */,
				115405CF2F3143230010B297 /* Frameworks */,
				11EBC23E2F2388AA00B62102 /* Products */,
				116BADF22F3412AE002A3C18 /* Recovered References */,
			);
			sourceTree = "<group>";
		};
		11EBC23E2F2388AA00B62102 /* Products */ = {
			isa = PBXGroup;
			children = (
				11EBC23D2F2388AA00B62102 /* Neatlify Desktop.app */,
				11EBC24E2F2388AB00B62102 /* Neatlify DesktopTests.xctest */,
			);
			name = Products;
			sourceTree = "<group>";
		};
/* End PBXGroup section */

/* Begin PBXNativeTarget section */
		11EBC23C2F2388AA00B62102 /* Neatlify Desktop */ = {
			isa = PBXNativeTarget;
			buildConfigurationList = 11EBC2622F2388AB00B62102 /* Build configuration list for PBXNativeTarget "Neatlify Desktop" */;
			buildPhases = (
				11EBC2392F2388AA00B62102 /* Sources */,
				11EBC23A2F2388AA00B62102 /* Frameworks */,
				11EBC23B2F2388AA00B62102 /* Resources */,
			);
			buildRules = (
			);
			dependencies = (
			);
			fileSystemSynchronizedGroups = (
				11EBC23F2F2388AA00B62102 /* Neatlify Desktop */,
			);
			name = "Neatlify Desktop";
			packageProductDependencies = (
			);
			productName = "Neatlify Desktop";
			productReference = 11EBC23D2F2388AA00B62102 /* Neatlify Desktop.app */;
			productType = "com.apple.product-type.application";
		};
		11EBC24D2F2388AB00B62102 /* Neatlify DesktopTests */ = {
			isa = PBXNativeTarget;
			buildConfigurationList = 11EBC2652F2388AB00B62102 /* Build configuration list for PBXNativeTarget "Neatlify DesktopTests" */;
			buildPhases = (
				11EBC24A2F2388AB00B62102 /* Sources */,
				11EBC24B2F2388AB00B62102 /* Frameworks */,
				11EBC24C2F2388AB00B62102 /* Resources */,
			);
			buildRules = (
			);
			dependencies = (
				11EBC2502F2388AB00B62102 /* PBXTargetDependency */,
			);
			fileSystemSynchronizedGroups = (
				11EBC2512F2388AB00B62102 /* Neatlify DesktopTests */,
			);
			name = "Neatlify DesktopTests";
			packageProductDependencies = (
			);
			productName = "Neatlify DesktopTests";
			productReference = 11EBC24E2F2388AB00B62102 /* Neatlify DesktopTests.xctest */;
			productType = "com.apple.product-type.bundle.unit-test";
		};
/* End PBXNativeTarget section */

/* Begin PBXProject section */
		11EBC2352F2388AA00B62102 /* Project object */ = {
			isa = PBXProject;
			attributes = {
				BuildIndependentTargetsInParallel = 1;
				LastSwiftUpdateCheck = 1620;
				LastUpgradeCheck = 1620;
				TargetAttributes = {
					11EBC23C2F2388AA00B62102 = {
						CreatedOnToolsVersion = 16.2;
					};
					11EBC24D2F2388AB00B62102 = {
						CreatedOnToolsVersion = 16.2;
						TestTargetID = 11EBC23C2F2388AA00B62102;
					};
				};
			};
			buildConfigurationList = 11EBC2382F2388AA00B62102 /* Build configuration list for PBXProject "Neatlify Desktop" */;
			developmentRegion = en;
			hasScannedForEncodings = 0;
			knownRegions = (
				en,
				Base,
			);
			mainGroup = 11EBC2342F2388AA00B62102;
			minimizedProjectReferenceProxies = 1;
			preferredProjectObjectVersion = 77;
			productRefGroup = 11EBC23E2F2388AA00B62102 /* Products */;
			projectDirPath = "";
			projectRoot = "";
			targets = (
				11EBC23C2F2388AA00B62102 /* Neatlify Desktop */,
				11EBC24D2F2388AB00B62102 /* Neatlify DesktopTests */,
			);
		};
/* End PBXProject section */

/* Begin PBXResourcesBuildPhase section */
		11EBC23B2F2388AA00B62102 /* Resources */ = {
			isa = PBXResourcesBuildPhase;
			buildActionMask = 2147483647;
			files = (
			);
			runOnlyForDeploymentPostprocessing = 0;
		};
		11EBC24C2F2388AB00B62102 /* Resources */ = {
			isa = PBXResourcesBuildPhase;
			buildActionMask = 2147483647;
			files = (
			);
			runOnlyForDeploymentPostprocessing = 0;
		};
/* End PBXResourcesBuildPhase section */

/* Begin PBXSourcesBuildPhase section */
		11EBC2392F2388AA00B62102 /* Sources */ = {
			isa = PBXSourcesBuildPhase;
			buildActionMask = 2147483647;
			files = (
				11F8D6A02F40B8C000A5E1B2 /* Services/AuthenticationService.swift in Sources */,
				11F8D6A22F40B8C100A5E1B2 /* Services/AuthSessionStorage.swift in Sources */,
				11F8D6A42F40B8C200A5E1B2 /* Views/AuthenticationView.swift in Sources */,
			);
			runOnlyForDeploymentPostprocessing = 0;
		};
		11EBC24A2F2388AB00B62102 /* Sources */ = {
			isa = PBXSourcesBuildPhase;
			buildActionMask = 2147483647;
			files = (
			);
			runOnlyForDeploymentPostprocessing = 0;
		};
/* End PBXSourcesBuildPhase section */

/* Begin PBXTargetDependency section */
		11EBC2502F2388AB00B62102 /* PBXTargetDependency */ = {
			isa = PBXTargetDependency;
			target = 11EBC23C2F2388AA00B62102 /* Neatlify Desktop */;
			targetProxy = 11EBC24F2F2388AB00B62102 /* PBXContainerItemProxy */;
		};
/* End PBXTargetDependency section */

/* Begin XCBuildConfiguration section */
		11EBC2602F2388AB00B62102 /* Debug */ = {
			isa = XCBuildConfiguration;
			buildSettings = {
				ALWAYS_SEARCH_USER_PATHS = NO;
				ASSETCATALOG_COMPILER_GENERATE_SWIFT_ASSET_SYMBOL_EXTENSIONS = YES;
				CLANG_ANALYZER_NONNULL = YES;
				CLANG_ANALYZER_NUMBER_OBJECT_CONVERSION = YES_AGGRESSIVE;
				CLANG_CXX_LANGUAGE_STANDARD = "gnu++20";
				CLANG_ENABLE_MODULES = YES;
				CLANG_ENABLE_OBJC_ARC = YES;
				CLANG_ENABLE_OBJC_WEAK = YES;
				CLANG_WARN_BLOCK_CAPTURE_AUTORELEASING = YES;
				CLANG_WARN_BOOL_CONVERSION = YES;
				CLANG_WARN_COMMA = YES;
				CLANG_WARN_CONSTANT_CONVERSION = YES;
				CLANG_WARN_DEPRECATED_OBJC_IMPLEMENTATIONS = YES;
				CLANG_WARN_DIRECT_OBJC_ISA_USAGE = YES_ERROR;
				CLANG_WARN_DOCUMENTATION_COMMENTS = YES;
				CLANG_WARN_EMPTY_BODY = YES;
				CLANG_WARN_ENUM_CONVERSION = YES;
				CLANG_WARN_INFINITE_RECURSION = YES;
				CLANG_WARN_INT_CONVERSION = YES;
				CLANG_WARN_NON_LITERAL_NULL_CONVERSION = YES;
				CLANG_WARN_OBJC_IMPLICIT_RETAIN_SELF = YES;
				CLANG_WARN_OBJC_LITERAL_CONVERSION = YES;
				CLANG_WARN_OBJC_ROOT_CLASS = YES_ERROR;
				CLANG_WARN_QUOTED_INCLUDE_IN_FRAMEWORK_HEADER = YES;
				CLANG_WARN_RANGE_LOOP_ANALYSIS = YES;
				CLANG_WARN_STRICT_PROTOTYPES = YES;
				CLANG_WARN_SUSPICIOUS_MOVE = YES;
				CLANG_WARN_UNGUARDED_AVAILABILITY = YES_AGGRESSIVE;
				CLANG_WARN_UNREACHABLE_CODE = YES;
				CLANG_WARN__DUPLICATE_METHOD_MATCH = YES;
				COPY_PHASE_STRIP = NO;
				DEBUG_INFORMATION_FORMAT = dwarf;
				ENABLE_STRICT_OBJC_MSGSEND = YES;
				ENABLE_TESTABILITY = YES;
				ENABLE_USER_SCRIPT_SANDBOXING = YES;
				GCC_C_LANGUAGE_STANDARD = gnu17;
				GCC_DYNAMIC_NO_PIC = NO;
				GCC_NO_COMMON_BLOCKS = YES;
				GCC_OPTIMIZATION_LEVEL = 0;
				GCC_PREPROCESSOR_DEFINITIONS = (
					"DEBUG=1",
					"$(inherited)",
				);
				GCC_WARN_64_TO_32_BIT_CONVERSION = YES;
				GCC_WARN_ABOUT_RETURN_TYPE = YES_ERROR;
				GCC_WARN_UNDECLARED_SELECTOR = YES;
				GCC_WARN_UNINITIALIZED_AUTOS = YES_AGGRESSIVE;
				GCC_WARN_UNUSED_FUNCTION = YES;
				GCC_WARN_UNUSED_VARIABLE = YES;
				LOCALIZATION_PREFERS_STRING_CATALOGS = YES;
				MACOSX_DEPLOYMENT_TARGET = 15.2;
				MTL_ENABLE_DEBUG_INFO = INCLUDE_SOURCE;
				MTL_FAST_MATH = YES;
				ONLY_ACTIVE_ARCH = YES;
				SDKROOT = macosx;
				SWIFT_ACTIVE_COMPILATION_CONDITIONS = "DEBUG $(inherited)";
				SWIFT_OPTIMIZATION_LEVEL = "-Onone";
			};
			name = Debug;
		};
		11EBC2612F2388AB00B62102 /* Release */ = {
			isa = XCBuildConfiguration;
			buildSettings = {
				ALWAYS_SEARCH_USER_PATHS = NO;
				ASSETCATALOG_COMPILER_GENERATE_SWIFT_ASSET_SYMBOL_EXTENSIONS = YES;
				CLANG_ANALYZER_NONNULL = YES;
				CLANG_ANALYZER_NUMBER_OBJECT_CONVERSION = YES_AGGRESSIVE;
				CLANG_CXX_LANGUAGE_STANDARD = "gnu++20";
				CLANG_ENABLE_MODULES = YES;
				CLANG_ENABLE_OBJC_ARC = YES;
				CLANG_ENABLE_OBJC_WEAK = YES;
				CLANG_WARN_BLOCK_CAPTURE_AUTORELEASING = YES;
				CLANG_WARN_BOOL_CONVERSION = YES;
				CLANG_WARN_COMMA = YES;
				CLANG_WARN_CONSTANT_CONVERSION = YES;
				CLANG_WARN_DEPRECATED_OBJC_IMPLEMENTATIONS = YES;
				CLANG_WARN_DIRECT_OBJC_ISA_USAGE = YES_ERROR;
				CLANG_WARN_DOCUMENTATION_COMMENTS = YES;
				CLANG_WARN_EMPTY_BODY = YES;
				CLANG_WARN_ENUM_CONVERSION = YES;
				CLANG_WARN_INFINITE_RECURSION = YES;
				CLANG_WARN_INT_CONVERSION = YES;
				CLANG_WARN_NON_LITERAL_NULL_CONVERSION = YES;
				CLANG_WARN_OBJC_IMPLICIT_RETAIN_SELF = YES;
				CLANG_WARN_OBJC_LITERAL_CONVERSION = YES;
				CLANG_WARN_OBJC_ROOT_CLASS = YES_ERROR;
				CLANG_WARN_QUOTED_INCLUDE_IN_FRAMEWORK_HEADER = YES;
				CLANG_WARN_RANGE_LOOP_ANALYSIS = YES;
				CLANG_WARN_STRICT_PROTOTYPES = YES;
				CLANG_WARN_SUSPICIOUS_MOVE = YES;
				CLANG_WARN_UNGUARDED_AVAILABILITY = YES_AGGRESSIVE;
				CLANG_WARN_UNREACHABLE_CODE = YES;
				CLANG_WARN__DUPLICATE_METHOD_MATCH = YES;
				COPY_PHASE_STRIP = NO;
				DEBUG_INFORMATION_FORMAT = "dwarf-with-dsym";
				ENABLE_NS_ASSERTIONS = NO;
				ENABLE_STRICT_OBJC_MSGSEND = YES;
				ENABLE_USER_SCRIPT_SANDBOXING = YES;
				GCC_C_LANGUAGE_STANDARD = gnu17;
				GCC_NO_COMMON_BLOCKS = YES;
				GCC_WARN_64_TO_32_BIT_CONVERSION = YES;
				GCC_WARN_ABOUT_RETURN_TYPE = YES_ERROR;
				GCC_WARN_UNDECLARED_SELECTOR = YES;
				GCC_WARN_UNINITIALIZED_AUTOS = YES_AGGRESSIVE;
				GCC_WARN_UNUSED_FUNCTION = YES;
				GCC_WARN_UNUSED_VARIABLE = YES;
				LOCALIZATION_PREFERS_STRING_CATALOGS = YES;
				MACOSX_DEPLOYMENT_TARGET = 15.2;
				MTL_ENABLE_DEBUG_INFO = NO;
				MTL_FAST_MATH = YES;
				SDKROOT = macosx;
				SWIFT_COMPILATION_MODE = wholemodule;
			};
			name = Release;
		};
		11EBC2632F2388AB00B62102 /* Debug */ = {
			isa = XCBuildConfiguration;
			buildSettings = {
				ASSETCATALOG_COMPILER_APPICON_NAME = AppIcon;
				ASSETCATALOG_COMPILER_GLOBAL_ACCENT_COLOR_NAME = AccentColor;
				CODE_SIGN_ENTITLEMENTS = "Neatlify Desktop/Neatlify_Desktop.entitlements";
				"CODE_SIGN_IDENTITY[sdk=macosx*]" = "Apple Development";
				CODE_SIGN_STYLE = Automatic;
				COMBINE_HIDPI_IMAGES = YES;
				CURRENT_PROJECT_VERSION = 3;
				DEVELOPMENT_ASSET_PATHS = "\"Neatlify Desktop/Preview Content\"";
				DEVELOPMENT_TEAM = "";
				"DEVELOPMENT_TEAM[sdk=macosx*]" = YH8992LT9F;
				ENABLE_HARDENED_RUNTIME = YES;
				ENABLE_PREVIEWS = YES;
				GENERATE_INFOPLIST_FILE = NO;
				INFOPLIST_FILE = Info.plist;
				INFOPLIST_KEY_LSApplicationCategoryType = "public.app-category.productivity";
				INFOPLIST_KEY_NSHumanReadableCopyright = "";
				LD_RUNPATH_SEARCH_PATHS = (
					"$(inherited)",
					"@executable_path/../Frameworks",
				);
				MARKETING_VERSION = 1.3;
				PRODUCT_BUNDLE_IDENTIFIER = com.neatlify.Desktop;
				PRODUCT_NAME = "$(TARGET_NAME)";
				PROVISIONING_PROFILE_SPECIFIER = "";
				"PROVISIONING_PROFILE_SPECIFIER[sdk=macosx*]" = "";
				SWIFT_ACTIVE_COMPILATION_CONDITIONS = "";
				SWIFT_EMIT_LOC_STRINGS = YES;
				SWIFT_VERSION = 5.0;
			};
			name = Debug;
		};
		11EBC2642F2388AB00B62102 /* Release */ = {
			isa = XCBuildConfiguration;
			buildSettings = {
				ASSETCATALOG_COMPILER_APPICON_NAME = AppIcon;
				ASSETCATALOG_COMPILER_GLOBAL_ACCENT_COLOR_NAME = AccentColor;
				CODE_SIGN_ENTITLEMENTS = "Neatlify Desktop/Neatlify_Desktop.entitlements";
				"CODE_SIGN_IDENTITY[sdk=macosx*]" = "Developer ID Application";
				CODE_SIGN_STYLE = Manual;
				COMBINE_HIDPI_IMAGES = YES;
				CURRENT_PROJECT_VERSION = 3;
				DEVELOPMENT_ASSET_PATHS = "\"Neatlify Desktop/Preview Content\"";
				DEVELOPMENT_TEAM = "";
				"DEVELOPMENT_TEAM[sdk=macosx*]" = YH8992LT9F;
				ENABLE_HARDENED_RUNTIME = YES;
				ENABLE_PREVIEWS = YES;
				GENERATE_INFOPLIST_FILE = NO;
				INFOPLIST_FILE = Info.plist;
				INFOPLIST_KEY_LSApplicationCategoryType = "public.app-category.productivity";
				INFOPLIST_KEY_NSHumanReadableCopyright = "";
				LD_RUNPATH_SEARCH_PATHS = (
					"$(inherited)",
					"@executable_path/../Frameworks",
				);
				MARKETING_VERSION = 1.3;
				PRODUCT_BUNDLE_IDENTIFIER = com.neatlify.Desktop;
				PRODUCT_NAME = "$(TARGET_NAME)";
				PROVISIONING_PROFILE_SPECIFIER = "";
				"PROVISIONING_PROFILE_SPECIFIER[sdk=*]" = "";
				"PROVISIONING_PROFILE_SPECIFIER[sdk=macosx*]" = "";
				SWIFT_ACTIVE_COMPILATION_CONDITIONS = "";
				SWIFT_EMIT_LOC_STRINGS = YES;
				SWIFT_VERSION = 5.0;
			};
			name = Release;
		};
		11EBC2662F2388AB00B62102 /* Debug */ = {
			isa = XCBuildConfiguration;
			buildSettings = {
				BUNDLE_LOADER = "$(TEST_HOST)";
				CODE_SIGN_STYLE = Automatic;
				CURRENT_PROJECT_VERSION = 3;
				GENERATE_INFOPLIST_FILE = YES;
				MACOSX_DEPLOYMENT_TARGET = 15.2;
				MARKETING_VERSION = 1.3;
				PRODUCT_BUNDLE_IDENTIFIER = "BarberBuddy.App.Neatlify-DesktopTests";
				PRODUCT_NAME = "$(TARGET_NAME)";
				SWIFT_EMIT_LOC_STRINGS = NO;
				SWIFT_VERSION = 5.0;
				TEST_HOST = "$(BUILT_PRODUCTS_DIR)/Neatlify Desktop.app/$(BUNDLE_EXECUTABLE_FOLDER_PATH)/Neatlify Desktop";
			};
			name = Debug;
		};
		11EBC2672F2388AB00B62102 /* Release */ = {
			isa = XCBuildConfiguration;
			buildSettings = {
				BUNDLE_LOADER = "$(TEST_HOST)";
				CODE_SIGN_STYLE = Automatic;
				CURRENT_PROJECT_VERSION = 3;
				GENERATE_INFOPLIST_FILE = YES;
				MACOSX_DEPLOYMENT_TARGET = 15.2;
				MARKETING_VERSION = 1.3;
				PRODUCT_BUNDLE_IDENTIFIER = "BarberBuddy.App.Neatlify-DesktopTests";
				PRODUCT_NAME = "$(TARGET_NAME)";
				SWIFT_EMIT_LOC_STRINGS = NO;
				SWIFT_VERSION = 5.0;
				TEST_HOST = "$(BUILT_PRODUCTS_DIR)/Neatlify Desktop.app/$(BUNDLE_EXECUTABLE_FOLDER_PATH)/Neatlify Desktop";
			};
			name = Release;
		};
/* End XCBuildConfiguration section */

/* Begin XCConfigurationList section */
		11EBC2382F2388AA00B62102 /* Build configuration list for PBXProject "Neatlify Desktop" */ = {
			isa = XCConfigurationList;
			buildConfigurations = (
				11EBC2602F2388AB00B62102 /* Debug */,
				11EBC2612F2388AB00B62102 /* Release */,
			);
			defaultConfigurationIsVisible = 0;
			defaultConfigurationName = Release;
		};
		11EBC2622F2388AB00B62102 /* Build configuration list for PBXNativeTarget "Neatlify Desktop" */ = {
			isa = XCConfigurationList;
			buildConfigurations = (
				11EBC2632F2388AB00B62102 /* Debug */,
				11EBC2642F2388AB00B62102 /* Release */,
			);
			defaultConfigurationIsVisible = 0;
			defaultConfigurationName = Release;
		};
		11EBC2652F2388AB00B62102 /* Build configuration list for PBXNativeTarget "Neatlify DesktopTests" */ = {
			isa = XCConfigurationList;
			buildConfigurations = (
				11EBC2662F2388AB00B62102 /* Debug */,
				11EBC2672F2388AB00B62102 /* Release */,
			);
			defaultConfigurationIsVisible = 0;
			defaultConfigurationName = Release;
		};
/* End XCConfigurationList section */
	};
	rootObject = 11EBC2352F2388AA00B62102 /* Project object */;
}
